
Microsoft Visual Studio Solution File, Format Version 12.00
# Visual Studio Version 16
VisualStudioVersion = 16.0.31112.23
MinimumVisualStudioVersion = 10.0.40219.1
Project("{FAE04EC0-301F-11D3-BF4B-00C04F79EFBC}") = "View", "..\CircusTrein\View\View.csproj", "{0BE72372-9F71-4486-BCEA-BDC08469817E}"
EndProject
Project("{FAE04EC0-301F-11D3-BF4B-00C04F79EFBC}") = "Logic", "..\CircusTrein\Logic\Logic.csproj", "{633BF2EC-5439-4F0B-9E90-68EABD63064B}"
EndProject
Project("{FAE04EC0-301F-11D3-BF4B-00C04F79EFBC}") = "Test", "..\CircusTrein\Test\Test.csproj", "{65B6111E-45AA-489C-9AAC-598FB5E337B2}"
EndProject
Global
	GlobalSection(SolutionConfigurationPlatforms) = preSolution
		Debug|Any CPU = Debug|Any CPU
		Release|Any CPU = Release|Any CPU
	EndGlobalSection
	GlobalSection(ProjectConfigurationPlatforms) = postSolution
		{0BE72372-9F71-4486-BCEA-BDC08469817E}.Debug|Any CPU.ActiveCfg = Debug|Any CPU
		{0BE72372-9F71-4486-BCEA-BDC08469817E}.Debug|Any CPU.Build.0 = Debug|Any CPU
		{0BE72372-9F71-4486-BCEA-BDC08469817E}.Release|Any CPU.ActiveCfg = Release|Any CPU
		{0BE72372-9F71-4486-BCEA-BDC08469817E}.Release|Any CPU.Build.0 = Release|Any CPU
		{633BF2EC-5439-4F0B-9E90-68EABD63064B}.Debug|Any CPU.ActiveCfg = Debug|Any CPU
		{633BF2EC-5439-4F0B-9E90-68EABD63064B}.Debug|Any CPU.Build.0 = Debug|Any CPU
		{633BF2EC-5439-4F0B-9E90-68EABD63064B}.Release|Any CPU.ActiveCfg = Release|Any CPU
		{633BF2EC-5439-4F0B-9E90-68EABD63064B}.Release|Any CPU.Build.0 = Release|Any CPU
		{65B6111E-45AA-489C-9AAC-598FB5E337B2}.Debug|Any CPU.ActiveCfg = Debug|Any CPU
		{65B6111E-45AA-489C-9AAC-598FB5E337B2}.Debug|Any CPU.Build.0 = Debug|Any CPU
		{65B6111E-45AA-489C-9AAC-598FB5E337B2}.Release|Any CPU.ActiveCfg = Release|Any CPU
		{65B6111E-45AA-489C-9AAC-598FB5E337B2}.Release|Any CPU.Build.0 = Release|Any CPU
	EndGlobalSection
	GlobalSection(SolutionProperties) = preSolution
		HideSolutionNode = FALSE
	EndGlobalSection
	GlobalSection(ExtensibilityGlobals) = postSolution
		SolutionGuid = {BCEB2EF0-4675-4B3F-BA60-3CD3FD18A10E}
	EndGlobalSection
EndGlobal
